// !$*UTF8*$!
{
	archiveVersion = 1;
	classes = {
	};
	objectVersion = 48;
	objects = {

/* Begin PBXBuildFile section */
		4F0C28C41FEA3A3400FC78A3 /* rootIncludeController.m in Sources */ = {isa = PBXBuildFile; fileRef = 4F0C28C31FEA3A3400FC78A3 /* rootIncludeController.m */; };
		4F0C28C81FEA3DD500FC78A3 /* subModelForIncludeController.m in Sources */ = {isa = PBXBuildFile; fileRef = 4F0C28C71FEA3DD500FC78A3 /* subModelForIncludeController.m */; };
		4F0C28CB1FEB4F0A00FC78A3 /* navigationView.m in Sources */ = {isa = PBXBuildFile; fileRef = 4F0C28CA1FEB4F0A00FC78A3 /* navigationView.m */; };
		4F54EF401FB0460000291B70 /* AppDelegate.m in Sources */ = {isa = PBXBuildFile; fileRef = 4F54EF3F1FB0460000291B70 /* AppDelegate.m */; };
		4F54EF481FB0460000291B70 /* Assets.xcassets in Resources */ = {isa = PBXBuildFile; fileRef = 4F54EF471FB0460000291B70 /* Assets.xcassets */; };
		4F54EF4E1FB0460000291B70 /* main.m in Sources */ = {isa = PBXBuildFile; fileRef = 4F54EF4D1FB0460000291B70 /* main.m */; };
		4F54EF581FB0460000291B70 /* productFrameTests.m in Sources */ = {isa = PBXBuildFile; fileRef = 4F54EF571FB0460000291B70 /* productFrameTests.m */; };
		4F54EF631FB0460100291B70 /* productFrameUITests.m in Sources */ = {isa = PBXBuildFile; fileRef = 4F54EF621FB0460100291B70 /* productFrameUITests.m */; };
		4F54EF791FB04B0D00291B70 /* RootViewController.m in Sources */ = {isa = PBXBuildFile; fileRef = 4F54EF771FB0496500291B70 /* RootViewController.m */; };
		4F54EF7C1FB04C5100291B70 /* newViewController.m in Sources */ = {isa = PBXBuildFile; fileRef = 4F54EF7B1FB04C5100291B70 /* newViewController.m */; };
		4F7716761FF09E9D007F098A /* codeScannerVC.m in Sources */ = {isa = PBXBuildFile; fileRef = 4F7716751FF09E9D007F098A /* codeScannerVC.m */; };
		4F889CA11FECABA7000B4B2C /* 集成功能.txt in Resources */ = {isa = PBXBuildFile; fileRef = 4F889CA01FECABA7000B4B2C /* 集成功能.txt */; };
		4F889CA61FECB0E8000B4B2C /* customTabBar.m in Sources */ = {isa = PBXBuildFile; fileRef = 4F889CA31FECB0E7000B4B2C /* customTabBar.m */; };
		4F889CA71FECB0E8000B4B2C /* customTabBarController.m in Sources */ = {isa = PBXBuildFile; fileRef = 4F889CA51FECB0E8000B4B2C /* customTabBarController.m */; };
		4F889CAA1FECCD1D000B4B2C /* navigationButton.m in Sources */ = {isa = PBXBuildFile; fileRef = 4F889CA91FECCD1D000B4B2C /* navigationButton.m */; };
		4F9E39071FD8E3EB00648B0C /* newViewController2.m in Sources */ = {isa = PBXBuildFile; fileRef = 4F9E39061FD8E3EB00648B0C /* newViewController2.m */; };
		52CF90D9136BE1863A82BD46 /* libPods-productFrame.a in Frameworks */ = {isa = PBXBuildFile; fileRef = 11247647D970C8D6A44D3263 /* libPods-productFrame.a */; };
		841B040C1FF0CD45009F52A2 /* AlipaySDK.bundle in Resources */ = {isa = PBXBuildFile; fileRef = 841B040A1FF0CD45009F52A2 /* AlipaySDK.bundle */; };
		841B040D1FF0CD45009F52A2 /* AlipaySDK.framework in Frameworks */ = {isa = PBXBuildFile; fileRef = 841B040B1FF0CD45009F52A2 /* AlipaySDK.framework */; };
		841B040F1FF0CD62009F52A2 /* libc++.tbd in Frameworks */ = {isa = PBXBuildFile; fileRef = 841B040E1FF0CD62009F52A2 /* libc++.tbd */; };
		841B04111FF0CD6A009F52A2 /* libz.tbd in Frameworks */ = {isa = PBXBuildFile; fileRef = 841B04101FF0CD6A009F52A2 /* libz.tbd */; };
		841B04131FF0CD73009F52A2 /* SystemConfiguration.framework in Frameworks */ = {isa = PBXBuildFile; fileRef = 841B04121FF0CD73009F52A2 /* SystemConfiguration.framework */; };
		841B04151FF0CD7C009F52A2 /* CoreTelephony.framework in Frameworks */ = {isa = PBXBuildFile; fileRef = 841B04141FF0CD7C009F52A2 /* CoreTelephony.framework */; };
		841B04171FF0CD84009F52A2 /* QuartzCore.framework in Frameworks */ = {isa = PBXBuildFile; fileRef = 841B04161FF0CD84009F52A2 /* QuartzCore.framework */; };
		841B04191FF0CD8E009F52A2 /* CoreText.framework in Frameworks */ = {isa = PBXBuildFile; fileRef = 841B04181FF0CD8E009F52A2 /* CoreText.framework */; };
		841B041B1FF0CDA9009F52A2 /* CoreGraphics.framework in Frameworks */ = {isa = PBXBuildFile; fileRef = 841B041A1FF0CDA9009F52A2 /* CoreGraphics.framework */; };
		841B041D1FF0CDB1009F52A2 /* UIKit.framework in Frameworks */ = {isa = PBXBuildFile; fileRef = 841B041C1FF0CDB1009F52A2 /* UIKit.framework */; };
		841B041F1FF0CDBC009F52A2 /* Foundation.framework in Frameworks */ = {isa = PBXBuildFile; fileRef = 841B041E1FF0CDBC009F52A2 /* Foundation.framework */; };
		841B04211FF0CDC3009F52A2 /* CFNetwork.framework in Frameworks */ = {isa = PBXBuildFile; fileRef = 841B04201FF0CDC3009F52A2 /* CFNetwork.framework */; };
		841B04231FF0CDCD009F52A2 /* CoreMotion.framework in Frameworks */ = {isa = PBXBuildFile; fileRef = 841B04221FF0CDCD009F52A2 /* CoreMotion.framework */; };
		841B042B1FF0DE58009F52A2 /* Security.framework in Frameworks */ = {isa = PBXBuildFile; fileRef = 841B042A1FF0DE58009F52A2 /* Security.framework */; };
		841B042D1FF0DEA7009F52A2 /* libsqlite3.0.tbd in Frameworks */ = {isa = PBXBuildFile; fileRef = 841B042C1FF0DEA7009F52A2 /* libsqlite3.0.tbd */; };
		841B04321FF0E22D009F52A2 /* libWeChatSDK.a in Frameworks */ = {isa = PBXBuildFile; fileRef = 841B04311FF0E22D009F52A2 /* libWeChatSDK.a */; };
		84C4DDD51FDE59500026CED5 /* GuideViewController.m in Sources */ = {isa = PBXBuildFile; fileRef = 84C4DDD41FDE59500026CED5 /* GuideViewController.m */; };
/* End PBXBuildFile section */

/* Begin PBXContainerItemProxy section */
		4F54EF541FB0460000291B70 /* PBXContainerItemProxy */ = {
			isa = PBXContainerItemProxy;
			containerPortal = 4F54EF331FB0460000291B70 /* Project object */;
			proxyType = 1;
			remoteGlobalIDString = 4F54EF3A1FB0460000291B70;
			remoteInfo = productFrame;
		};
		4F54EF5F1FB0460100291B70 /* PBXContainerItemProxy */ = {
			isa = PBXContainerItemProxy;
			containerPortal = 4F54EF331FB0460000291B70 /* Project object */;
			proxyType = 1;
			remoteGlobalIDString = 4F54EF3A1FB0460000291B70;
			remoteInfo = productFrame;
		};
/* End PBXContainerItemProxy section */

/* Begin PBXFileReference section */
		11247647D970C8D6A44D3263 /* libPods-productFrame.a */ = {isa = PBXFileReference; explicitFileType = archive.ar; includeInIndex = 0; path = "libPods-productFrame.a"; sourceTree = BUILT_PRODUCTS_DIR; };
		4F0C28C21FEA3A3400FC78A3 /* rootIncludeController.h */ = {isa = PBXFileReference; lastKnownFileType = sourcecode.c.h; path = rootIncludeController.h; sourceTree = "<group>"; };
		4F0C28C31FEA3A3400FC78A3 /* rootIncludeController.m */ = {isa = PBXFileReference; lastKnownFileType = sourcecode.c.objc; path = rootIncludeController.m; sourceTree = "<group>"; };
		4F0C28C61FEA3DD500FC78A3 /* subModelForIncludeController.h */ = {isa = PBXFileReference; lastKnownFileType = sourcecode.c.h; path = subModelForIncludeController.h; sourceTree = "<group>"; };
		4F0C28C71FEA3DD500FC78A3 /* subModelForIncludeController.m */ = {isa = PBXFileReference; lastKnownFileType = sourcecode.c.objc; path = subModelForIncludeController.m; sourceTree = "<group>"; };
		4F0C28C91FEB4F0A00FC78A3 /* navigationView.h */ = {isa = PBXFileReference; lastKnownFileType = sourcecode.c.h; path = navigationView.h; sourceTree = "<group>"; };
		4F0C28CA1FEB4F0A00FC78A3 /* navigationView.m */ = {isa = PBXFileReference; lastKnownFileType = sourcecode.c.objc; path = navigationView.m; sourceTree = "<group>"; };
		4F54EF3B1FB0460000291B70 /* productFrame.app */ = {isa = PBXFileReference; explicitFileType = wrapper.application; includeInIndex = 0; path = productFrame.app; sourceTree = BUILT_PRODUCTS_DIR; };
		4F54EF3E1FB0460000291B70 /* AppDelegate.h */ = {isa = PBXFileReference; lastKnownFileType = sourcecode.c.h; path = AppDelegate.h; sourceTree = "<group>"; };
		4F54EF3F1FB0460000291B70 /* AppDelegate.m */ = {isa = PBXFileReference; lastKnownFileType = sourcecode.c.objc; path = AppDelegate.m; sourceTree = "<group>"; };
		4F54EF471FB0460000291B70 /* Assets.xcassets */ = {isa = PBXFileReference; lastKnownFileType = folder.assetcatalog; path = Assets.xcassets; sourceTree = "<group>"; };
		4F54EF4C1FB0460000291B70 /* Info.plist */ = {isa = PBXFileReference; lastKnownFileType = text.plist.xml; path = Info.plist; sourceTree = "<group>"; };
		4F54EF4D1FB0460000291B70 /* main.m */ = {isa = PBXFileReference; lastKnownFileType = sourcecode.c.objc; path = main.m; sourceTree = "<group>"; };
		4F54EF531FB0460000291B70 /* productFrameTests.xctest */ = {isa = PBXFileReference; explicitFileType = wrapper.cfbundle; includeInIndex = 0; path = productFrameTests.xctest; sourceTree = BUILT_PRODUCTS_DIR; };
		4F54EF571FB0460000291B70 /* productFrameTests.m */ = {isa = PBXFileReference; lastKnownFileType = sourcecode.c.objc; path = productFrameTests.m; sourceTree = "<group>"; };
		4F54EF591FB0460000291B70 /* Info.plist */ = {isa = PBXFileReference; lastKnownFileType = text.plist.xml; path = Info.plist; sourceTree = "<group>"; };
		4F54EF5E1FB0460100291B70 /* productFrameUITests.xctest */ = {isa = PBXFileReference; explicitFileType = wrapper.cfbundle; includeInIndex = 0; path = productFrameUITests.xctest; sourceTree = BUILT_PRODUCTS_DIR; };
		4F54EF621FB0460100291B70 /* productFrameUITests.m */ = {isa = PBXFileReference; lastKnownFileType = sourcecode.c.objc; path = productFrameUITests.m; sourceTree = "<group>"; };
		4F54EF641FB0460100291B70 /* Info.plist */ = {isa = PBXFileReference; lastKnownFileType = text.plist.xml; path = Info.plist; sourceTree = "<group>"; };
		4F54EF741FB047FA00291B70 /* one.pch */ = {isa = PBXFileReference; lastKnownFileType = sourcecode.c.h; path = one.pch; sourceTree = "<group>"; };
		4F54EF771FB0496500291B70 /* RootViewController.m */ = {isa = PBXFileReference; lastKnownFileType = sourcecode.c.objc; path = RootViewController.m; sourceTree = "<group>"; };
		4F54EF781FB0496500291B70 /* RootViewController.h */ = {isa = PBXFileReference; lastKnownFileType = sourcecode.c.h; path = RootViewController.h; sourceTree = "<group>"; };
		4F54EF7A1FB04C5100291B70 /* newViewController.h */ = {isa = PBXFileReference; lastKnownFileType = sourcecode.c.h; path = newViewController.h; sourceTree = "<group>"; };
		4F54EF7B1FB04C5100291B70 /* newViewController.m */ = {isa = PBXFileReference; lastKnownFileType = sourcecode.c.objc; path = newViewController.m; sourceTree = "<group>"; };
		4F7716741FF09E9D007F098A /* codeScannerVC.h */ = {isa = PBXFileReference; lastKnownFileType = sourcecode.c.h; path = codeScannerVC.h; sourceTree = "<group>"; };
		4F7716751FF09E9D007F098A /* codeScannerVC.m */ = {isa = PBXFileReference; lastKnownFileType = sourcecode.c.objc; path = codeScannerVC.m; sourceTree = "<group>"; };
		4F889CA01FECABA7000B4B2C /* 集成功能.txt */ = {isa = PBXFileReference; fileEncoding = 4; lastKnownFileType = text; path = "集成功能.txt"; sourceTree = "<group>"; };
		4F889CA21FECB0E7000B4B2C /* customTabBarController.h */ = {isa = PBXFileReference; fileEncoding = 4; lastKnownFileType = sourcecode.c.h; path = customTabBarController.h; sourceTree = "<group>"; };
		4F889CA31FECB0E7000B4B2C /* customTabBar.m */ = {isa = PBXFileReference; fileEncoding = 4; lastKnownFileType = sourcecode.c.objc; path = customTabBar.m; sourceTree = "<group>"; };
		4F889CA41FECB0E8000B4B2C /* customTabBar.h */ = {isa = PBXFileReference; fileEncoding = 4; lastKnownFileType = sourcecode.c.h; path = customTabBar.h; sourceTree = "<group>"; };
		4F889CA51FECB0E8000B4B2C /* customTabBarController.m */ = {isa = PBXFileReference; fileEncoding = 4; lastKnownFileType = sourcecode.c.objc; path = customTabBarController.m; sourceTree = "<group>"; };
		4F889CA81FECCD1D000B4B2C /* navigationButton.h */ = {isa = PBXFileReference; lastKnownFileType = sourcecode.c.h; path = navigationButton.h; sourceTree = "<group>"; };
		4F889CA91FECCD1D000B4B2C /* navigationButton.m */ = {isa = PBXFileReference; lastKnownFileType = sourcecode.c.objc; path = navigationButton.m; sourceTree = "<group>"; };
		4F9E39051FD8E3EB00648B0C /* newViewController2.h */ = {isa = PBXFileReference; lastKnownFileType = sourcecode.c.h; path = newViewController2.h; sourceTree = "<group>"; };
		4F9E39061FD8E3EB00648B0C /* newViewController2.m */ = {isa = PBXFileReference; lastKnownFileType = sourcecode.c.objc; path = newViewController2.m; sourceTree = "<group>"; };
		841B040A1FF0CD45009F52A2 /* AlipaySDK.bundle */ = {isa = PBXFileReference; lastKnownFileType = "wrapper.plug-in"; path = AlipaySDK.bundle; sourceTree = "<group>"; };
		841B040B1FF0CD45009F52A2 /* AlipaySDK.framework */ = {isa = PBXFileReference; lastKnownFileType = wrapper.framework; path = AlipaySDK.framework; sourceTree = "<group>"; };
		841B040E1FF0CD62009F52A2 /* libc++.tbd */ = {isa = PBXFileReference; lastKnownFileType = "sourcecode.text-based-dylib-definition"; name = "libc++.tbd"; path = "usr/lib/libc++.tbd"; sourceTree = SDKROOT; };
		841B04101FF0CD6A009F52A2 /* libz.tbd */ = {isa = PBXFileReference; lastKnownFileType = "sourcecode.text-based-dylib-definition"; name = libz.tbd; path = usr/lib/libz.tbd; sourceTree = SDKROOT; };
		841B04121FF0CD73009F52A2 /* SystemConfiguration.framework */ = {isa = PBXFileReference; lastKnownFileType = wrapper.framework; name = SystemConfiguration.framework; path = System/Library/Frameworks/SystemConfiguration.framework; sourceTree = SDKROOT; };
		841B04141FF0CD7C009F52A2 /* CoreTelephony.framework */ = {isa = PBXFileReference; lastKnownFileType = wrapper.framework; name = CoreTelephony.framework; path = System/Library/Frameworks/CoreTelephony.framework; sourceTree = SDKROOT; };
		841B04161FF0CD84009F52A2 /* QuartzCore.framework */ = {isa = PBXFileReference; lastKnownFileType = wrapper.framework; name = QuartzCore.framework; path = System/Library/Frameworks/QuartzCore.framework; sourceTree = SDKROOT; };
		841B04181FF0CD8E009F52A2 /* CoreText.framework */ = {isa = PBXFileReference; lastKnownFileType = wrapper.framework; name = CoreText.framework; path = System/Library/Frameworks/CoreText.framework; sourceTree = SDKROOT; };
		841B041A1FF0CDA9009F52A2 /* CoreGraphics.framework */ = {isa = PBXFileReference; lastKnownFileType = wrapper.framework; name = CoreGraphics.framework; path = System/Library/Frameworks/CoreGraphics.framework; sourceTree = SDKROOT; };
		841B041C1FF0CDB1009F52A2 /* UIKit.framework */ = {isa = PBXFileReference; lastKnownFileType = wrapper.framework; name = UIKit.framework; path = System/Library/Frameworks/UIKit.framework; sourceTree = SDKROOT; };
		841B041E1FF0CDBC009F52A2 /* Foundation.framework */ = {isa = PBXFileReference; lastKnownFileType = wrapper.framework; name = Foundation.framework; path = System/Library/Frameworks/Foundation.framework; sourceTree = SDKROOT; };
		841B04201FF0CDC3009F52A2 /* CFNetwork.framework */ = {isa = PBXFileReference; lastKnownFileType = wrapper.framework; name = CFNetwork.framework; path = System/Library/Frameworks/CFNetwork.framework; sourceTree = SDKROOT; };
		841B04221FF0CDCD009F52A2 /* CoreMotion.framework */ = {isa = PBXFileReference; lastKnownFileType = wrapper.framework; name = CoreMotion.framework; path = System/Library/Frameworks/CoreMotion.framework; sourceTree = SDKROOT; };
		841B042A1FF0DE58009F52A2 /* Security.framework */ = {isa = PBXFileReference; lastKnownFileType = wrapper.framework; name = Security.framework; path = System/Library/Frameworks/Security.framework; sourceTree = SDKROOT; };
		841B042C1FF0DEA7009F52A2 /* libsqlite3.0.tbd */ = {isa = PBXFileReference; lastKnownFileType = "sourcecode.text-based-dylib-definition"; name = libsqlite3.0.tbd; path = usr/lib/libsqlite3.0.tbd; sourceTree = SDKROOT; };
		841B04311FF0E22D009F52A2 /* libWeChatSDK.a */ = {isa = PBXFileReference; lastKnownFileType = archive.ar; path = libWeChatSDK.a; sourceTree = "<group>"; };
		841B04331FF0E237009F52A2 /* WechatAuthSDK.h */ = {isa = PBXFileReference; fileEncoding = 4; lastKnownFileType = sourcecode.c.h; path = WechatAuthSDK.h; sourceTree = "<group>"; };
		841B04341FF0E237009F52A2 /* WXApi.h */ = {isa = PBXFileReference; fileEncoding = 4; lastKnownFileType = sourcecode.c.h; path = WXApi.h; sourceTree = "<group>"; };
		841B04351FF0E237009F52A2 /* WXApiObject.h */ = {isa = PBXFileReference; fileEncoding = 4; lastKnownFileType = sourcecode.c.h; path = WXApiObject.h; sourceTree = "<group>"; };
		84C4DDD31FDE59500026CED5 /* GuideViewController.h */ = {isa = PBXFileReference; lastKnownFileType = sourcecode.c.h; path = GuideViewController.h; sourceTree = "<group>"; };
		84C4DDD41FDE59500026CED5 /* GuideViewController.m */ = {isa = PBXFileReference; lastKnownFileType = sourcecode.c.objc; path = GuideViewController.m; sourceTree = "<group>"; };
		96086AECA14E4B963C1E7CD9 /* Pods-productFrame.release.xcconfig */ = {isa = PBXFileReference; includeInIndex = 1; lastKnownFileType = text.xcconfig; name = "Pods-productFrame.release.xcconfig"; path = "Pods/Target Support Files/Pods-productFrame/Pods-productFrame.release.xcconfig"; sourceTree = "<group>"; };
		B504A438B8C2DDCE7B08554E /* Pods-productFrame.debug.xcconfig */ = {isa = PBXFileReference; includeInIndex = 1; lastKnownFileType = text.xcconfig; name = "Pods-productFrame.debug.xcconfig"; path = "Pods/Target Support Files/Pods-productFrame/Pods-productFrame.debug.xcconfig"; sourceTree = "<group>"; };
/* End PBXFileReference section */

/* Begin PBXFrameworksBuildPhase section */
		4F54EF381FB0460000291B70 /* Frameworks */ = {
			isa = PBXFrameworksBuildPhase;
			buildActionMask = 2147483647;
			files = (
				841B041F1FF0CDBC009F52A2 /* Foundation.framework in Frameworks */,
				841B041D1FF0CDB1009F52A2 /* UIKit.framework in Frameworks */,
				841B04321FF0E22D009F52A2 /* libWeChatSDK.a in Frameworks */,
				841B042D1FF0DEA7009F52A2 /* libsqlite3.0.tbd in Frameworks */,
				841B04111FF0CD6A009F52A2 /* libz.tbd in Frameworks */,
				841B04131FF0CD73009F52A2 /* SystemConfiguration.framework in Frameworks */,
				841B04151FF0CD7C009F52A2 /* CoreTelephony.framework in Frameworks */,
				841B042B1FF0DE58009F52A2 /* Security.framework in Frameworks */,
				841B04211FF0CDC3009F52A2 /* CFNetwork.framework in Frameworks */,
				841B04231FF0CDCD009F52A2 /* CoreMotion.framework in Frameworks */,
				841B041B1FF0CDA9009F52A2 /* CoreGraphics.framework in Frameworks */,
				841B04171FF0CD84009F52A2 /* QuartzCore.framework in Frameworks */,
				841B04191FF0CD8E009F52A2 /* CoreText.framework in Frameworks */,
				841B040F1FF0CD62009F52A2 /* libc++.tbd in Frameworks */,
				52CF90D9136BE1863A82BD46 /* libPods-productFrame.a in Frameworks */,
				841B040D1FF0CD45009F52A2 /* AlipaySDK.framework in Frameworks */,
			);
			runOnlyForDeploymentPostprocessing = 0;
		};
		4F54EF501FB0460000291B70 /* Frameworks */ = {
			isa = PBXFrameworksBuildPhase;
			buildActionMask = 2147483647;
			files = (
			);
			runOnlyForDeploymentPostprocessing = 0;
		};
		4F54EF5B1FB0460100291B70 /* Frameworks */ = {
			isa = PBXFrameworksBuildPhase;
			buildActionMask = 2147483647;
			files = (
			);
			runOnlyForDeploymentPostprocessing = 0;
		};
/* End PBXFrameworksBuildPhase section */

/* Begin PBXGroup section */
		4F0C28C11FEA39C900FC78A3 /* MotherViewController */ = {
			isa = PBXGroup;
			children = (
				4F0C28C51FEA3DAC00FC78A3 /* model */,
				4F0C28C21FEA3A3400FC78A3 /* rootIncludeController.h */,
				4F0C28C31FEA3A3400FC78A3 /* rootIncludeController.m */,
			);
			path = MotherViewController;
			sourceTree = "<group>";
		};
		4F0C28C51FEA3DAC00FC78A3 /* model */ = {
			isa = PBXGroup;
			children = (
				4F0C28C61FEA3DD500FC78A3 /* subModelForIncludeController.h */,
				4F0C28C71FEA3DD500FC78A3 /* subModelForIncludeController.m */,
			);
			path = model;
			sourceTree = "<group>";
		};
		4F54EF321FB0460000291B70 = {
			isa = PBXGroup;
			children = (
				4F889CA01FECABA7000B4B2C /* 集成功能.txt */,
				4F54EF3D1FB0460000291B70 /* productFrame */,
				4F54EF561FB0460000291B70 /* productFrameTests */,
				4F54EF611FB0460100291B70 /* productFrameUITests */,
				4F54EF3C1FB0460000291B70 /* Products */,
				5F8C6950E363E156AB669B62 /* Pods */,
				72FDF2ED7E937F45F2618BBF /* Frameworks */,
			);
			sourceTree = "<group>";
		};
		4F54EF3C1FB0460000291B70 /* Products */ = {
			isa = PBXGroup;
			children = (
				4F54EF3B1FB0460000291B70 /* productFrame.app */,
				4F54EF531FB0460000291B70 /* productFrameTests.xctest */,
				4F54EF5E1FB0460100291B70 /* productFrameUITests.xctest */,
			);
			name = Products;
			sourceTree = "<group>";
		};
		4F54EF3D1FB0460000291B70 /* productFrame */ = {
			isa = PBXGroup;
			children = (
				841B04081FF0CD06009F52A2 /* Pay */,
				4F9E38FE1FD8DABA00648B0C /* Classes */,
				4F9E38FD1FD8DAB800648B0C /* Other(底层) */,
				4F54EF3E1FB0460000291B70 /* AppDelegate.h */,
				4F54EF3F1FB0460000291B70 /* AppDelegate.m */,
				4F54EF471FB0460000291B70 /* Assets.xcassets */,
				4F54EF4C1FB0460000291B70 /* Info.plist */,
				4F54EF4D1FB0460000291B70 /* main.m */,
				4F9E39051FD8E3EB00648B0C /* newViewController2.h */,
				4F9E39061FD8E3EB00648B0C /* newViewController2.m */,
				4F54EF7A1FB04C5100291B70 /* newViewController.h */,
				4F54EF7B1FB04C5100291B70 /* newViewController.m */,
			);
			path = productFrame;
			sourceTree = "<group>";
		};
		4F54EF561FB0460000291B70 /* productFrameTests */ = {
			isa = PBXGroup;
			children = (
				4F54EF571FB0460000291B70 /* productFrameTests.m */,
				4F54EF591FB0460000291B70 /* Info.plist */,
			);
			path = productFrameTests;
			sourceTree = "<group>";
		};
		4F54EF611FB0460100291B70 /* productFrameUITests */ = {
			isa = PBXGroup;
			children = (
				4F54EF621FB0460100291B70 /* productFrameUITests.m */,
				4F54EF641FB0460100291B70 /* Info.plist */,
			);
			path = productFrameUITests;
			sourceTree = "<group>";
		};
		4F54EF701FB0470D00291B70 /* tabBarController */ = {
			isa = PBXGroup;
			children = (
				4F889CA41FECB0E8000B4B2C /* customTabBar.h */,
				4F889CA31FECB0E7000B4B2C /* customTabBar.m */,
				4F889CA21FECB0E7000B4B2C /* customTabBarController.h */,
				4F889CA51FECB0E8000B4B2C /* customTabBarController.m */,
			);
			path = tabBarController;
			sourceTree = "<group>";
		};
		4F54EF751FB048DC00291B70 /* navigationController */ = {
			isa = PBXGroup;
			children = (
				4F8D52B61FEB919F0035F2FC /* view */,
				4F0C28C91FEB4F0A00FC78A3 /* navigationView.h */,
				4F0C28CA1FEB4F0A00FC78A3 /* navigationView.m */,
			);
			path = navigationController;
			sourceTree = "<group>";
		};
		4F54EF761FB0494E00291B70 /* rootViewController */ = {
			isa = PBXGroup;
			children = (
				4F54EF781FB0496500291B70 /* RootViewController.h */,
				4F54EF771FB0496500291B70 /* RootViewController.m */,
			);
			path = rootViewController;
			sourceTree = "<group>";
		};
		4F7716731FF09743007F098A /* ScanView */ = {
			isa = PBXGroup;
			children = (
				4F7716741FF09E9D007F098A /* codeScannerVC.h */,
				4F7716751FF09E9D007F098A /* codeScannerVC.m */,
			);
			path = ScanView;
			sourceTree = "<group>";
		};
		4F8D52B61FEB919F0035F2FC /* view */ = {
			isa = PBXGroup;
			children = (
				4F889CA81FECCD1D000B4B2C /* navigationButton.h */,
				4F889CA91FECCD1D000B4B2C /* navigationButton.m */,
			);
			path = view;
			sourceTree = "<group>";
		};
		4F9E38FD1FD8DAB800648B0C /* Other(底层) */ = {
			isa = PBXGroup;
			children = (
				4F54EF741FB047FA00291B70 /* one.pch */,
				4F54EF761FB0494E00291B70 /* rootViewController */,
				4F54EF751FB048DC00291B70 /* navigationController */,
				4F54EF701FB0470D00291B70 /* tabBarController */,
			);
			path = "Other(底层)";
			sourceTree = "<group>";
		};
		4F9E38FE1FD8DABA00648B0C /* Classes */ = {
			isa = PBXGroup;
			children = (
				4F0C28C11FEA39C900FC78A3 /* MotherViewController */,
				4F9E39001FD8DC3500648B0C /* UnitView */,
			);
			path = Classes;
			sourceTree = "<group>";
		};
		4F9E39001FD8DC3500648B0C /* UnitView */ = {
			isa = PBXGroup;
			children = (
				4F7716731FF09743007F098A /* ScanView */,
				84C4DDCF1FDE58BB0026CED5 /* Guide */,
			);
			path = UnitView;
			sourceTree = "<group>";
		};
		5F8C6950E363E156AB669B62 /* Pods */ = {
			isa = PBXGroup;
			children = (
				B504A438B8C2DDCE7B08554E /* Pods-productFrame.debug.xcconfig */,
				96086AECA14E4B963C1E7CD9 /* Pods-productFrame.release.xcconfig */,
			);
			name = Pods;
			sourceTree = "<group>";
		};
		72FDF2ED7E937F45F2618BBF /* Frameworks */ = {
			isa = PBXGroup;
			children = (
				841B042C1FF0DEA7009F52A2 /* libsqlite3.0.tbd */,
				841B042A1FF0DE58009F52A2 /* Security.framework */,
				841B04221FF0CDCD009F52A2 /* CoreMotion.framework */,
				841B04201FF0CDC3009F52A2 /* CFNetwork.framework */,
				841B041E1FF0CDBC009F52A2 /* Foundation.framework */,
				841B041C1FF0CDB1009F52A2 /* UIKit.framework */,
				841B041A1FF0CDA9009F52A2 /* CoreGraphics.framework */,
				841B04181FF0CD8E009F52A2 /* CoreText.framework */,
				841B04161FF0CD84009F52A2 /* QuartzCore.framework */,
				841B04141FF0CD7C009F52A2 /* CoreTelephony.framework */,
				841B04121FF0CD73009F52A2 /* SystemConfiguration.framework */,
				841B04101FF0CD6A009F52A2 /* libz.tbd */,
				841B040E1FF0CD62009F52A2 /* libc++.tbd */,
				11247647D970C8D6A44D3263 /* libPods-productFrame.a */,
			);
			name = Frameworks;
			sourceTree = "<group>";
		};
		841B04081FF0CD06009F52A2 /* Pay */ = {
			isa = PBXGroup;
			children = (
				841B04241FF0D39D009F52A2 /* WeChat */,
				841B04091FF0CD3A009F52A2 /* Alipay */,
			);
			path = Pay;
			sourceTree = "<group>";
		};
		841B04091FF0CD3A009F52A2 /* Alipay */ = {
			isa = PBXGroup;
			children = (
				841B040A1FF0CD45009F52A2 /* AlipaySDK.bundle */,
				841B040B1FF0CD45009F52A2 /* AlipaySDK.framework */,
			);
			path = Alipay;
			sourceTree = "<group>";
		};
		841B04241FF0D39D009F52A2 /* WeChat */ = {
			isa = PBXGroup;
			children = (
				841B04311FF0E22D009F52A2 /* libWeChatSDK.a */,
				841B04331FF0E237009F52A2 /* WechatAuthSDK.h */,
				841B04341FF0E237009F52A2 /* WXApi.h */,
				841B04351FF0E237009F52A2 /* WXApiObject.h */,
			);
			path = WeChat;
			sourceTree = "<group>";
		};
		84C4DDCF1FDE58BB0026CED5 /* Guide */ = {
			isa = PBXGroup;
			children = (
				84C4DDD21FDE58DC0026CED5 /* Controller */,
				84C4DDD11FDE58D60026CED5 /* Model */,
				84C4DDD01FDE58CE0026CED5 /* View */,
			);
			path = Guide;
			sourceTree = "<group>";
		};
		84C4DDD01FDE58CE0026CED5 /* View */ = {
			isa = PBXGroup;
			children = (
			);
			path = View;
			sourceTree = "<group>";
		};
		84C4DDD11FDE58D60026CED5 /* Model */ = {
			isa = PBXGroup;
			children = (
			);
			path = Model;
			sourceTree = "<group>";
		};
		84C4DDD21FDE58DC0026CED5 /* Controller */ = {
			isa = PBXGroup;
			children = (
				84C4DDD31FDE59500026CED5 /* GuideViewController.h */,
				84C4DDD41FDE59500026CED5 /* GuideViewController.m */,
			);
			path = Controller;
			sourceTree = "<group>";
		};
/* End PBXGroup section */

/* Begin PBXNativeTarget section */
		4F54EF3A1FB0460000291B70 /* productFrame */ = {
			isa = PBXNativeTarget;
			buildConfigurationList = 4F54EF671FB0460100291B70 /* Build configuration list for PBXNativeTarget "productFrame" */;
			buildPhases = (
				3960B41FD76A3BEC33DCDCC4 /* [CP] Check Pods Manifest.lock */,
				4F54EF371FB0460000291B70 /* Sources */,
				4F54EF381FB0460000291B70 /* Frameworks */,
				4F54EF391FB0460000291B70 /* Resources */,
				02A859529CFD303873A66FF7 /* [CP] Embed Pods Frameworks */,
				095B128392F6F58D2A46CE5B /* [CP] Copy Pods Resources */,
			);
			buildRules = (
			);
			dependencies = (
			);
			name = productFrame;
			productName = productFrame;
			productReference = 4F54EF3B1FB0460000291B70 /* productFrame.app */;
			productType = "com.apple.product-type.application";
		};
		4F54EF521FB0460000291B70 /* productFrameTests */ = {
			isa = PBXNativeTarget;
			buildConfigurationList = 4F54EF6A1FB0460100291B70 /* Build configuration list for PBXNativeTarget "productFrameTests" */;
			buildPhases = (
				4F54EF4F1FB0460000291B70 /* Sources */,
				4F54EF501FB0460000291B70 /* Frameworks */,
				4F54EF511FB0460000291B70 /* Resources */,
			);
			buildRules = (
			);
			dependencies = (
				4F54EF551FB0460000291B70 /* PBXTargetDependency */,
			);
			name = productFrameTests;
			productName = productFrameTests;
			productReference = 4F54EF531FB0460000291B70 /* productFrameTests.xctest */;
			productType = "com.apple.product-type.bundle.unit-test";
		};
		4F54EF5D1FB0460100291B70 /* productFrameUITests */ = {
			isa = PBXNativeTarget;
			buildConfigurationList = 4F54EF6D1FB0460100291B70 /* Build configuration list for PBXNativeTarget "productFrameUITests" */;
			buildPhases = (
				4F54EF5A1FB0460100291B70 /* Sources */,
				4F54EF5B1FB0460100291B70 /* Frameworks */,
				4F54EF5C1FB0460100291B70 /* Resources */,
			);
			buildRules = (
			);
			dependencies = (
				4F54EF601FB0460100291B70 /* PBXTargetDependency */,
			);
			name = productFrameUITests;
			productName = productFrameUITests;
			productReference = 4F54EF5E1FB0460100291B70 /* productFrameUITests.xctest */;
			productType = "com.apple.product-type.bundle.ui-testing";
		};
/* End PBXNativeTarget section */

/* Begin PBXProject section */
		4F54EF331FB0460000291B70 /* Project object */ = {
			isa = PBXProject;
			attributes = {
				LastUpgradeCheck = 0900;
				ORGANIZATIONNAME = "陈威利";
				TargetAttributes = {
					4F54EF3A1FB0460000291B70 = {
						CreatedOnToolsVersion = 9.0;
						ProvisioningStyle = Automatic;
					};
					4F54EF521FB0460000291B70 = {
						CreatedOnToolsVersion = 9.0;
						ProvisioningStyle = Automatic;
						TestTargetID = 4F54EF3A1FB0460000291B70;
					};
					4F54EF5D1FB0460100291B70 = {
						CreatedOnToolsVersion = 9.0;
						ProvisioningStyle = Automatic;
						TestTargetID = 4F54EF3A1FB0460000291B70;
					};
				};
			};
			buildConfigurationList = 4F54EF361FB0460000291B70 /* Build configuration list for PBXProject "productFrame" */;
			compatibilityVersion = "Xcode 8.0";
			developmentRegion = en;
			hasScannedForEncodings = 0;
			knownRegions = (
				en,
				Base,
			);
			mainGroup = 4F54EF321FB0460000291B70;
			productRefGroup = 4F54EF3C1FB0460000291B70 /* Products */;
			projectDirPath = "";
			projectRoot = "";
			targets = (
				4F54EF3A1FB0460000291B70 /* productFrame */,
				4F54EF521FB0460000291B70 /* productFrameTests */,
				4F54EF5D1FB0460100291B70 /* productFrameUITests */,
			);
		};
/* End PBXProject section */

/* Begin PBXResourcesBuildPhase section */
		4F54EF391FB0460000291B70 /* Resources */ = {
			isa = PBXResourcesBuildPhase;
			buildActionMask = 2147483647;
			files = (
				841B040C1FF0CD45009F52A2 /* AlipaySDK.bundle in Resources */,
				4F889CA11FECABA7000B4B2C /* 集成功能.txt in Resources */,
				4F54EF481FB0460000291B70 /* Assets.xcassets in Resources */,
			);
			runOnlyForDeploymentPostprocessing = 0;
		};
		4F54EF511FB0460000291B70 /* Resources */ = {
			isa = PBXResourcesBuildPhase;
			buildActionMask = 2147483647;
			files = (
			);
			runOnlyForDeploymentPostprocessing = 0;
		};
		4F54EF5C1FB0460100291B70 /* Resources */ = {
			isa = PBXResourcesBuildPhase;
			buildActionMask = 2147483647;
			files = (
			);
			runOnlyForDeploymentPostprocessing = 0;
		};
/* End PBXResourcesBuildPhase section */

/* Begin PBXShellScriptBuildPhase section */
		02A859529CFD303873A66FF7 /* [CP] Embed Pods Frameworks */ = {
			isa = PBXShellScriptBuildPhase;
			buildActionMask = 2147483647;
			files = (
			);
			inputPaths = (
			);
			name = "[CP] Embed Pods Frameworks";
			outputPaths = (
			);
			runOnlyForDeploymentPostprocessing = 0;
			shellPath = /bin/sh;
			shellScript = "\"${SRCROOT}/Pods/Target Support Files/Pods-productFrame/Pods-productFrame-frameworks.sh\"\n";
			showEnvVarsInLog = 0;
		};
		095B128392F6F58D2A46CE5B /* [CP] Copy Pods Resources */ = {
			isa = PBXShellScriptBuildPhase;
			buildActionMask = 2147483647;
			files = (
			);
			inputPaths = (
				"${SRCROOT}/Pods/Target Support Files/Pods-productFrame/Pods-productFrame-resources.sh",
				"$PODS_CONFIGURATION_BUILD_DIR/Stripe/Stripe.bundle",
				"${PODS_ROOT}/UMengUShare/UShareSDK/UMSocialSDK/UMSocialSDKPromptResources.bundle",
				"${PODS_ROOT}/UMengUShare/UShareSDK/UMSocialUI/UMSocialSDKResources.bundle",
			);
			name = "[CP] Copy Pods Resources";
			outputPaths = (
				"${TARGET_BUILD_DIR}/${UNLOCALIZED_RESOURCES_FOLDER_PATH}",
			);
			runOnlyForDeploymentPostprocessing = 0;
			shellPath = /bin/sh;
			shellScript = "\"${SRCROOT}/Pods/Target Support Files/Pods-productFrame/Pods-productFrame-resources.sh\"\n";
			showEnvVarsInLog = 0;
		};
		3960B41FD76A3BEC33DCDCC4 /* [CP] Check Pods Manifest.lock */ = {
			isa = PBXShellScriptBuildPhase;
			buildActionMask = 2147483647;
			files = (
			);
			inputPaths = (
				"${PODS_PODFILE_DIR_PATH}/Podfile.lock",
				"${PODS_ROOT}/Manifest.lock",
			);
			name = "[CP] Check Pods Manifest.lock";
			outputPaths = (
				"$(DERIVED_FILE_DIR)/Pods-productFrame-checkManifestLockResult.txt",
			);
			runOnlyForDeploymentPostprocessing = 0;
			shellPath = /bin/sh;
			shellScript = "diff \"${PODS_PODFILE_DIR_PATH}/Podfile.lock\" \"${PODS_ROOT}/Manifest.lock\" > /dev/null\nif [ $? != 0 ] ; then\n    # print error to STDERR\n    echo \"error: The sandbox is not in sync with the Podfile.lock. Run 'pod install' or update your CocoaPods installation.\" >&2\n    exit 1\nfi\n# This output is used by Xcode 'outputs' to avoid re-running this script phase.\necho \"SUCCESS\" > \"${SCRIPT_OUTPUT_FILE_0}\"\n";
			showEnvVarsInLog = 0;
		};
/* End PBXShellScriptBuildPhase section */

/* Begin PBXSourcesBuildPhase section */
		4F54EF371FB0460000291B70 /* Sources */ = {
			isa = PBXSourcesBuildPhase;
			buildActionMask = 2147483647;
			files = (
				4F54EF791FB04B0D00291B70 /* RootViewController.m in Sources */,
				4F9E39071FD8E3EB00648B0C /* newViewController2.m in Sources */,
				4F889CA61FECB0E8000B4B2C /* customTabBar.m in Sources */,
				4F0C28C81FEA3DD500FC78A3 /* subModelForIncludeController.m in Sources */,
				4F0C28C41FEA3A3400FC78A3 /* rootIncludeController.m in Sources */,
				4F54EF4E1FB0460000291B70 /* main.m in Sources */,
				4F7716761FF09E9D007F098A /* codeScannerVC.m in Sources */,
				4F54EF7C1FB04C5100291B70 /* newViewController.m in Sources */,
				84C4DDD51FDE59500026CED5 /* GuideViewController.m in Sources */,
				4F889CAA1FECCD1D000B4B2C /* navigationButton.m in Sources */,
				4F0C28CB1FEB4F0A00FC78A3 /* navigationView.m in Sources */,
				4F54EF401FB0460000291B70 /* AppDelegate.m in Sources */,
				4F889CA71FECB0E8000B4B2C /* customTabBarController.m in Sources */,
			);
			runOnlyForDeploymentPostprocessing = 0;
		};
		4F54EF4F1FB0460000291B70 /* Sources */ = {
			isa = PBXSourcesBuildPhase;
			buildActionMask = 2147483647;
			files = (
				4F54EF581FB0460000291B70 /* productFrameTests.m in Sources */,
			);
			runOnlyForDeploymentPostprocessing = 0;
		};
		4F54EF5A1FB0460100291B70 /* Sources */ = {
			isa = PBXSourcesBuildPhase;
			buildActionMask = 2147483647;
			files = (
				4F54EF631FB0460100291B70 /* productFrameUITests.m in Sources */,
			);
			runOnlyForDeploymentPostprocessing = 0;
		};
/* End PBXSourcesBuildPhase section */

/* Begin PBXTargetDependency section */
		4F54EF551FB0460000291B70 /* PBXTargetDependency */ = {
			isa = PBXTargetDependency;
			target = 4F54EF3A1FB0460000291B70 /* productFrame */;
			targetProxy = 4F54EF541FB0460000291B70 /* PBXContainerItemProxy */;
		};
		4F54EF601FB0460100291B70 /* PBXTargetDependency */ = {
			isa = PBXTargetDependency;
			target = 4F54EF3A1FB0460000291B70 /* productFrame */;
			targetProxy = 4F54EF5F1FB0460100291B70 /* PBXContainerItemProxy */;
		};
/* End PBXTargetDependency section */

/* Begin XCBuildConfiguration section */
		4F54EF651FB0460100291B70 /* Debug */ = {
			isa = XCBuildConfiguration;
			buildSettings = {
				ALWAYS_SEARCH_USER_PATHS = NO;
				CLANG_ANALYZER_NONNULL = YES;
				CLANG_ANALYZER_NUMBER_OBJECT_CONVERSION = YES_AGGRESSIVE;
				CLANG_CXX_LANGUAGE_STANDARD = "gnu++14";
				CLANG_CXX_LIBRARY = "libc++";
				CLANG_ENABLE_MODULES = YES;
				CLANG_ENABLE_OBJC_ARC = YES;
				CLANG_WARN_BLOCK_CAPTURE_AUTORELEASING = YES;
				CLANG_WARN_BOOL_CONVERSION = YES;
				CLANG_WARN_COMMA = YES;
				CLANG_WARN_CONSTANT_CONVERSION = YES;
				CLANG_WARN_DIRECT_OBJC_ISA_USAGE = YES_ERROR;
				CLANG_WARN_DOCUMENTATION_COMMENTS = YES;
				CLANG_WARN_EMPTY_BODY = YES;
				CLANG_WARN_ENUM_CONVERSION = YES;
				CLANG_WARN_INFINITE_RECURSION = YES;
				CLANG_WARN_INT_CONVERSION = YES;
				CLANG_WARN_NON_LITERAL_NULL_CONVERSION = YES;
				CLANG_WARN_OBJC_LITERAL_CONVERSION = YES;
				CLANG_WARN_OBJC_ROOT_CLASS = YES_ERROR;
				CLANG_WARN_RANGE_LOOP_ANALYSIS = YES;
				CLANG_WARN_STRICT_PROTOTYPES = YES;
				CLANG_WARN_SUSPICIOUS_MOVE = YES;
				CLANG_WARN_UNGUARDED_AVAILABILITY = YES_AGGRESSIVE;
				CLANG_WARN_UNREACHABLE_CODE = YES;
				CLANG_WARN__DUPLICATE_METHOD_MATCH = YES;
				CODE_SIGN_IDENTITY = "iPhone Developer";
				COPY_PHASE_STRIP = NO;
				DEBUG_INFORMATION_FORMAT = dwarf;
				ENABLE_STRICT_OBJC_MSGSEND = YES;
				ENABLE_TESTABILITY = YES;
				GCC_C_LANGUAGE_STANDARD = gnu11;
				GCC_DYNAMIC_NO_PIC = NO;
				GCC_NO_COMMON_BLOCKS = YES;
				GCC_OPTIMIZATION_LEVEL = 0;
				GCC_PREPROCESSOR_DEFINITIONS = (
					"DEBUG=1",
					"$(inherited)",
				);
				GCC_WARN_64_TO_32_BIT_CONVERSION = YES;
				GCC_WARN_ABOUT_RETURN_TYPE = YES_ERROR;
				GCC_WARN_UNDECLARED_SELECTOR = YES;
				GCC_WARN_UNINITIALIZED_AUTOS = YES_AGGRESSIVE;
				GCC_WARN_UNUSED_FUNCTION = YES;
				GCC_WARN_UNUSED_VARIABLE = YES;
				IPHONEOS_DEPLOYMENT_TARGET = 11.0;
				MTL_ENABLE_DEBUG_INFO = YES;
				ONLY_ACTIVE_ARCH = YES;
				SDKROOT = iphoneos;
			};
			name = Debug;
		};
		4F54EF661FB0460100291B70 /* Release */ = {
			isa = XCBuildConfiguration;
			buildSettings = {
				ALWAYS_SEARCH_USER_PATHS = NO;
				CLANG_ANALYZER_NONNULL = YES;
				CLANG_ANALYZER_NUMBER_OBJECT_CONVERSION = YES_AGGRESSIVE;
				CLANG_CXX_LANGUAGE_STANDARD = "gnu++14";
				CLANG_CXX_LIBRARY = "libc++";
				CLANG_ENABLE_MODULES = YES;
				CLANG_ENABLE_OBJC_ARC = YES;
				CLANG_WARN_BLOCK_CAPTURE_AUTORELEASING = YES;
				CLANG_WARN_BOOL_CONVERSION = YES;
				CLANG_WARN_COMMA = YES;
				CLANG_WARN_CONSTANT_CONVERSION = YES;
				CLANG_WARN_DIRECT_OBJC_ISA_USAGE = YES_ERROR;
				CLANG_WARN_DOCUMENTATION_COMMENTS = YES;
				CLANG_WARN_EMPTY_BODY = YES;
				CLANG_WARN_ENUM_CONVERSION = YES;
				CLANG_WARN_INFINITE_RECURSION = YES;
				CLANG_WARN_INT_CONVERSION = YES;
				CLANG_WARN_NON_LITERAL_NULL_CONVERSION = YES;
				CLANG_WARN_OBJC_LITERAL_CONVERSION = YES;
				CLANG_WARN_OBJC_ROOT_CLASS = YES_ERROR;
				CLANG_WARN_RANGE_LOOP_ANALYSIS = YES;
				CLANG_WARN_STRICT_PROTOTYPES = YES;
				CLANG_WARN_SUSPICIOUS_MOVE = YES;
				CLANG_WARN_UNGUARDED_AVAILABILITY = YES_AGGRESSIVE;
				CLANG_WARN_UNREACHABLE_CODE = YES;
				CLANG_WARN__DUPLICATE_METHOD_MATCH = YES;
				CODE_SIGN_IDENTITY = "iPhone Developer";
				COPY_PHASE_STRIP = NO;
				DEBUG_INFORMATION_FORMAT = "dwarf-with-dsym";
				ENABLE_NS_ASSERTIONS = NO;
				ENABLE_STRICT_OBJC_MSGSEND = YES;
				GCC_C_LANGUAGE_STANDARD = gnu11;
				GCC_NO_COMMON_BLOCKS = YES;
				GCC_WARN_64_TO_32_BIT_CONVERSION = YES;
				GCC_WARN_ABOUT_RETURN_TYPE = YES_ERROR;
				GCC_WARN_UNDECLARED_SELECTOR = YES;
				GCC_WARN_UNINITIALIZED_AUTOS = YES_AGGRESSIVE;
				GCC_WARN_UNUSED_FUNCTION = YES;
				GCC_WARN_UNUSED_VARIABLE = YES;
				IPHONEOS_DEPLOYMENT_TARGET = 11.0;
				MTL_ENABLE_DEBUG_INFO = NO;
				SDKROOT = iphoneos;
				VALIDATE_PRODUCT = YES;
			};
			name = Release;
		};
		4F54EF681FB0460100291B70 /* Debug */ = {
			isa = XCBuildConfiguration;
			baseConfigurationReference = B504A438B8C2DDCE7B08554E /* Pods-productFrame.debug.xcconfig */;
			buildSettings = {
				ASSETCATALOG_COMPILER_APPICON_NAME = AppIcon;
				CODE_SIGN_STYLE = Automatic;
				DEVELOPMENT_TEAM = R8VJNURW6K;
				FRAMEWORK_SEARCH_PATHS = (
					"$(inherited)",
					"$(PROJECT_DIR)/productFrame/Pay/Alipay",
				);
				GCC_PRECOMPILE_PREFIX_HEADER = YES;
				GCC_PREFIX_HEADER = "$(SRCROOT)/productFrame/Other(底层)/one.pch";
				INFOPLIST_FILE = productFrame/Info.plist;
				IPHONEOS_DEPLOYMENT_TARGET = 8.0;
				LD_RUNPATH_SEARCH_PATHS = "$(inherited) @executable_path/Frameworks";
				LIBRARY_SEARCH_PATHS = (
					"$(inherited)",
					"$(PROJECT_DIR)/productFrame/Pay/WeChat",
				);
				PRODUCT_BUNDLE_IDENTIFIER = "-34112686-163.com.productFrame11111";
				PRODUCT_NAME = "$(TARGET_NAME)";
				TARGETED_DEVICE_FAMILY = "1,2";
				TEST_HOST = "$(TARGET_NAME)";
			};
			name = Debug;
		};
		4F54EF691FB0460100291B70 /* Release */ = {
			isa = XCBuildConfiguration;
			baseConfigurationReference = 96086AECA14E4B963C1E7CD9 /* Pods-productFrame.release.xcconfig */;
			buildSettings = {
				ASSETCATALOG_COMPILER_APPICON_NAME = AppIcon;
				CODE_SIGN_STYLE = Automatic;
				DEVELOPMENT_TEAM = R8VJNURW6K;
				FRAMEWORK_SEARCH_PATHS = (
					"$(inherited)",
					"$(PROJECT_DIR)/productFrame/Pay/Alipay",
				);
				GCC_PRECOMPILE_PREFIX_HEADER = YES;
				GCC_PREFIX_HEADER = "$(SRCROOT)/productFrame/Other(底层)/one.pch";
				INFOPLIST_FILE = productFrame/Info.plist;
				IPHONEOS_DEPLOYMENT_TARGET = 8.0;
				LD_RUNPATH_SEARCH_PATHS = "$(inherited) @executable_path/Frameworks";
				LIBRARY_SEARCH_PATHS = (
					"$(inherited)",
					"$(PROJECT_DIR)/productFrame/Pay/WeChat",
				);
				PRODUCT_BUNDLE_IDENTIFIER = "-34112686-163.com.productFrame11111";
				PRODUCT_NAME = "$(TARGET_NAME)";
				TARGETED_DEVICE_FAMILY = "1,2";
				TEST_HOST = "$(TARGET_NAME)";
			};
			name = Release;
		};
		4F54EF6B1FB0460100291B70 /* Debug */ = {
			isa = XCBuildConfiguration;
			buildSettings = {
				BUNDLE_LOADER = "$(TEST_HOST)";
				CODE_SIGN_STYLE = Automatic;
				DEVELOPMENT_TEAM = J995UNL2CV;
				INFOPLIST_FILE = productFrameTests/Info.plist;
				LD_RUNPATH_SEARCH_PATHS = "$(inherited) @executable_path/Frameworks @loader_path/Frameworks";
				PRODUCT_BUNDLE_IDENTIFIER = "-34112686-163.com.productFrameTests";
				PRODUCT_NAME = "$(TARGET_NAME)";
				TARGETED_DEVICE_FAMILY = "1,2";
				TEST_HOST = "$(BUILT_PRODUCTS_DIR)/productFrame.app/productFrame";
			};
			name = Debug;
		};
		4F54EF6C1FB0460100291B70 /* Release */ = {
			isa = XCBuildConfiguration;
			buildSettings = {
				BUNDLE_LOADER = "$(TEST_HOST)";
				CODE_SIGN_STYLE = Automatic;
				DEVELOPMENT_TEAM = J995UNL2CV;
				INFOPLIST_FILE = productFrameTests/Info.plist;
				LD_RUNPATH_SEARCH_PATHS = "$(inherited) @executable_path/Frameworks @loader_path/Frameworks";
				PRODUCT_BUNDLE_IDENTIFIER = "-34112686-163.com.productFrameTests";
				PRODUCT_NAME = "$(TARGET_NAME)";
				TARGETED_DEVICE_FAMILY = "1,2";
				TEST_HOST = "$(BUILT_PRODUCTS_DIR)/productFrame.app/productFrame";
			};
			name = Release;
		};
		4F54EF6E1FB0460100291B70 /* Debug */ = {
			isa = XCBuildConfiguration;
			buildSettings = {
				CODE_SIGN_STYLE = Automatic;
				DEVELOPMENT_TEAM = J995UNL2CV;
				INFOPLIST_FILE = productFrameUITests/Info.plist;
				LD_RUNPATH_SEARCH_PATHS = "$(inherited) @executable_path/Frameworks @loader_path/Frameworks";
				PRODUCT_BUNDLE_IDENTIFIER = "-34112686-163.com.productFrameUITests";
				PRODUCT_NAME = "$(TARGET_NAME)";
				TARGETED_DEVICE_FAMILY = "1,2";
				TEST_TARGET_NAME = productFrame;
			};
			name = Debug;
		};
		4F54EF6F1FB0460100291B70 /* Release */ = {
			isa = XCBuildConfiguration;
			buildSettings = {
				CODE_SIGN_STYLE = Automatic;
				DEVELOPMENT_TEAM = J995UNL2CV;
				INFOPLIST_FILE = productFrameUITests/Info.plist;
				LD_RUNPATH_SEARCH_PATHS = "$(inherited) @executable_path/Frameworks @loader_path/Frameworks";
				PRODUCT_BUNDLE_IDENTIFIER = "-34112686-163.com.productFrameUITests";
				PRODUCT_NAME = "$(TARGET_NAME)";
				TARGETED_DEVICE_FAMILY = "1,2";
				TEST_TARGET_NAME = productFrame;
			};
			name = Release;
		};
/* End XCBuildConfiguration section */

/* Begin XCConfigurationList section */
		4F54EF361FB0460000291B70 /* Build configuration list for PBXProject "productFrame" */ = {
			isa = XCConfigurationList;
			buildConfigurations = (
				4F54EF651FB0460100291B70 /* Debug */,
				4F54EF661FB0460100291B70 /* Release */,
			);
			defaultConfigurationIsVisible = 0;
			defaultConfigurationName = Release;
		};
		4F54EF671FB0460100291B70 /* Build configuration list for PBXNativeTarget "productFrame" */ = {
			isa = XCConfigurationList;
			buildConfigurations = (
				4F54EF681FB0460100291B70 /* Debug */,
				4F54EF691FB0460100291B70 /* Release */,
			);
			defaultConfigurationIsVisible = 0;
			defaultConfigurationName = Release;
		};
		4F54EF6A1FB0460100291B70 /* Build configuration list for PBXNativeTarget "productFrameTests" */ = {
			isa = XCConfigurationList;
			buildConfigurations = (
				4F54EF6B1FB0460100291B70 /* Debug */,
				4F54EF6C1FB0460100291B70 /* Release */,
			);
			defaultConfigurationIsVisible = 0;
			defaultConfigurationName = Release;
		};
		4F54EF6D1FB0460100291B70 /* Build configuration list for PBXNativeTarget "productFrameUITests" */ = {
			isa = XCConfigurationList;
			buildConfigurations = (
				4F54EF6E1FB0460100291B70 /* Debug */,
				4F54EF6F1FB0460100291B70 /* Release */,
			);
			defaultConfigurationIsVisible = 0;
			defaultConfigurationName = Release;
		};
/* End XCConfigurationList section */
	};
	rootObject = 4F54EF331FB0460000291B70 /* Project object */;
}
